// !$*UTF8*$!
{
	archiveVersion = 1;
	classes = {
	};
	objectVersion = 46;
	objects = {

/* Begin PBXBuildFile section */
<<<<<<< Updated upstream
		C6434AA51AC24348001B93CF /* ProfileViewController.m in Sources */ = {isa = PBXBuildFile; fileRef = C6434AA41AC24348001B93CF /* ProfileViewController.m */; };
<<<<<<< HEAD
=======
		C66C40861AA6DD96008C3E52 /* FacebookSDK.framework in Frameworks */ = {isa = PBXBuildFile; fileRef = C66C40851AA6DD96008C3E52 /* FacebookSDK.framework */; };
=======
		8C0724CE1AC24892002ED7A1 /* FacebookSDK.framework in Frameworks */ = {isa = PBXBuildFile; fileRef = 8C0724CD1AC24892002ED7A1 /* FacebookSDK.framework */; };
>>>>>>> Stashed changes
>>>>>>> origin/master
		C66C40891AA6E1FA008C3E52 /* ParseLoginViewController.m in Sources */ = {isa = PBXBuildFile; fileRef = C66C40881AA6E1FA008C3E52 /* ParseLoginViewController.m */; };
		C66C408B1AA6E650008C3E52 /* Social.framework in Frameworks */ = {isa = PBXBuildFile; fileRef = C66C408A1AA6E650008C3E52 /* Social.framework */; };
		C66C408D1AA6E65A008C3E52 /* Accounts.framework in Frameworks */ = {isa = PBXBuildFile; fileRef = C66C408C1AA6E65A008C3E52 /* Accounts.framework */; };
		C69065FC1AA683EF00D45092 /* ParseTableViewController.m in Sources */ = {isa = PBXBuildFile; fileRef = C69065FB1AA683EF00D45092 /* ParseTableViewController.m */; };
		C69066041AA6C3C000D45092 /* ParseUI.framework in Frameworks */ = {isa = PBXBuildFile; fileRef = C69066031AA6C3C000D45092 /* ParseUI.framework */; };
		C69066071AA6C42700D45092 /* HomeViewController.m in Sources */ = {isa = PBXBuildFile; fileRef = C69066061AA6C42700D45092 /* HomeViewController.m */; };
		C695EDD31AA8182400536830 /* UIKit.framework in Frameworks */ = {isa = PBXBuildFile; fileRef = C695EDD21AA8182400536830 /* UIKit.framework */; };
		C695EDD61AA81DAD00536830 /* CameraViewController.m in Sources */ = {isa = PBXBuildFile; fileRef = C695EDD51AA81DAD00536830 /* CameraViewController.m */; };
		C6AA66AA1AC3032F00C39099 /* FacebookSDK.framework in Frameworks */ = {isa = PBXBuildFile; fileRef = C6AA66A91AC3032F00C39099 /* FacebookSDK.framework */; };
		C6B2EBE21AC23867008B044D /* FollowButton.m in Sources */ = {isa = PBXBuildFile; fileRef = C6B2EBE11AC23867008B044D /* FollowButton.m */; };
		C6CF3C071AA6D23200300292 /* LoginViewController.m in Sources */ = {isa = PBXBuildFile; fileRef = C6CF3C061AA6D23200300292 /* LoginViewController.m */; };
		C6CF3C0A1AA6D25100300292 /* SignUpViewController.m in Sources */ = {isa = PBXBuildFile; fileRef = C6CF3C091AA6D25100300292 /* SignUpViewController.m */; };
		C6EA00A01AA6424F006DAB6B /* main.m in Sources */ = {isa = PBXBuildFile; fileRef = C6EA009F1AA6424F006DAB6B /* main.m */; };
		C6EA00A31AA6424F006DAB6B /* AppDelegate.m in Sources */ = {isa = PBXBuildFile; fileRef = C6EA00A21AA6424F006DAB6B /* AppDelegate.m */; };
		C6EA00AC1AA6424F006DAB6B /* Main.storyboard in Resources */ = {isa = PBXBuildFile; fileRef = C6EA00AA1AA6424F006DAB6B /* Main.storyboard */; };
		C6EA00AE1AA6424F006DAB6B /* Images.xcassets in Resources */ = {isa = PBXBuildFile; fileRef = C6EA00AD1AA6424F006DAB6B /* Images.xcassets */; };
		C6EA00BD1AA64250006DAB6B /* PetworkTests.m in Sources */ = {isa = PBXBuildFile; fileRef = C6EA00BC1AA64250006DAB6B /* PetworkTests.m */; };
		C6F9D2EC1AA64F4B00C0F585 /* Parse.framework in Frameworks */ = {isa = PBXBuildFile; fileRef = C6F9D2EB1AA64F4B00C0F585 /* Parse.framework */; };
		C6F9D2F81AA6511400C0F585 /* AudioToolbox.framework in Frameworks */ = {isa = PBXBuildFile; fileRef = C6F9D2ED1AA6511400C0F585 /* AudioToolbox.framework */; };
		C6F9D2F91AA6511400C0F585 /* CFNetwork.framework in Frameworks */ = {isa = PBXBuildFile; fileRef = C6F9D2EE1AA6511400C0F585 /* CFNetwork.framework */; };
		C6F9D2FA1AA6511400C0F585 /* CoreGraphics.framework in Frameworks */ = {isa = PBXBuildFile; fileRef = C6F9D2EF1AA6511400C0F585 /* CoreGraphics.framework */; };
		C6F9D2FB1AA6511400C0F585 /* CoreLocation.framework in Frameworks */ = {isa = PBXBuildFile; fileRef = C6F9D2F01AA6511400C0F585 /* CoreLocation.framework */; };
		C6F9D2FC1AA6511400C0F585 /* libsqlite3.dylib in Frameworks */ = {isa = PBXBuildFile; fileRef = C6F9D2F11AA6511400C0F585 /* libsqlite3.dylib */; };
		C6F9D2FD1AA6511400C0F585 /* libz.dylib in Frameworks */ = {isa = PBXBuildFile; fileRef = C6F9D2F21AA6511400C0F585 /* libz.dylib */; };
		C6F9D2FE1AA6511400C0F585 /* MobileCoreServices.framework in Frameworks */ = {isa = PBXBuildFile; fileRef = C6F9D2F31AA6511400C0F585 /* MobileCoreServices.framework */; };
		C6F9D2FF1AA6511400C0F585 /* QuartzCore.framework in Frameworks */ = {isa = PBXBuildFile; fileRef = C6F9D2F41AA6511400C0F585 /* QuartzCore.framework */; };
		C6F9D3001AA6511400C0F585 /* Security.framework in Frameworks */ = {isa = PBXBuildFile; fileRef = C6F9D2F51AA6511400C0F585 /* Security.framework */; };
		C6F9D3011AA6511400C0F585 /* StoreKit.framework in Frameworks */ = {isa = PBXBuildFile; fileRef = C6F9D2F61AA6511400C0F585 /* StoreKit.framework */; };
		C6F9D3021AA6511400C0F585 /* SystemConfiguration.framework in Frameworks */ = {isa = PBXBuildFile; fileRef = C6F9D2F71AA6511400C0F585 /* SystemConfiguration.framework */; };
		C6F9D3041AA652E700C0F585 /* Bolts.framework in Frameworks */ = {isa = PBXBuildFile; fileRef = C6F9D3031AA652E700C0F585 /* Bolts.framework */; };
		C6F9D3061AA6555900C0F585 /* ParseFacebookUtils.framework in Frameworks */ = {isa = PBXBuildFile; fileRef = C6F9D3051AA6555900C0F585 /* ParseFacebookUtils.framework */; };
/* End PBXBuildFile section */

/* Begin PBXContainerItemProxy section */
		C6EA00B71AA64250006DAB6B /* PBXContainerItemProxy */ = {
			isa = PBXContainerItemProxy;
			containerPortal = C6EA00921AA6424F006DAB6B /* Project object */;
			proxyType = 1;
			remoteGlobalIDString = C6EA00991AA6424F006DAB6B;
			remoteInfo = Petwork;
		};
/* End PBXContainerItemProxy section */

/* Begin PBXFileReference section */
<<<<<<< Updated upstream
		C6434AA31AC24348001B93CF /* ProfileViewController.h */ = {isa = PBXFileReference; fileEncoding = 4; lastKnownFileType = sourcecode.c.h; path = ProfileViewController.h; sourceTree = "<group>"; };
		C6434AA41AC24348001B93CF /* ProfileViewController.m */ = {isa = PBXFileReference; fileEncoding = 4; lastKnownFileType = sourcecode.c.objc; path = ProfileViewController.m; sourceTree = "<group>"; };
<<<<<<< HEAD
=======
		C66C40851AA6DD96008C3E52 /* FacebookSDK.framework */ = {isa = PBXFileReference; lastKnownFileType = wrapper.framework; name = FacebookSDK.framework; path = ../../../Documents/FacebookSDK/FacebookSDK.framework; sourceTree = "<group>"; };
=======
		8C0724CD1AC24892002ED7A1 /* FacebookSDK.framework */ = {isa = PBXFileReference; lastKnownFileType = wrapper.framework; path = FacebookSDK.framework; sourceTree = "<group>"; };
>>>>>>> Stashed changes
>>>>>>> origin/master
		C66C40871AA6E1FA008C3E52 /* ParseLoginViewController.h */ = {isa = PBXFileReference; fileEncoding = 4; lastKnownFileType = sourcecode.c.h; path = ParseLoginViewController.h; sourceTree = "<group>"; };
		C66C40881AA6E1FA008C3E52 /* ParseLoginViewController.m */ = {isa = PBXFileReference; fileEncoding = 4; lastKnownFileType = sourcecode.c.objc; path = ParseLoginViewController.m; sourceTree = "<group>"; };
		C66C408A1AA6E650008C3E52 /* Social.framework */ = {isa = PBXFileReference; lastKnownFileType = wrapper.framework; name = Social.framework; path = System/Library/Frameworks/Social.framework; sourceTree = SDKROOT; };
		C66C408C1AA6E65A008C3E52 /* Accounts.framework */ = {isa = PBXFileReference; lastKnownFileType = wrapper.framework; name = Accounts.framework; path = System/Library/Frameworks/Accounts.framework; sourceTree = SDKROOT; };
		C69065FA1AA683EF00D45092 /* ParseTableViewController.h */ = {isa = PBXFileReference; fileEncoding = 4; lastKnownFileType = sourcecode.c.h; path = ParseTableViewController.h; sourceTree = "<group>"; };
		C69065FB1AA683EF00D45092 /* ParseTableViewController.m */ = {isa = PBXFileReference; fileEncoding = 4; lastKnownFileType = sourcecode.c.objc; path = ParseTableViewController.m; sourceTree = "<group>"; };
		C69066031AA6C3C000D45092 /* ParseUI.framework */ = {isa = PBXFileReference; lastKnownFileType = wrapper.framework; path = ParseUI.framework; sourceTree = "<group>"; };
		C69066051AA6C42700D45092 /* HomeViewController.h */ = {isa = PBXFileReference; fileEncoding = 4; lastKnownFileType = sourcecode.c.h; path = HomeViewController.h; sourceTree = "<group>"; };
		C69066061AA6C42700D45092 /* HomeViewController.m */ = {isa = PBXFileReference; fileEncoding = 4; lastKnownFileType = sourcecode.c.objc; path = HomeViewController.m; sourceTree = "<group>"; };
		C695EDD21AA8182400536830 /* UIKit.framework */ = {isa = PBXFileReference; lastKnownFileType = wrapper.framework; name = UIKit.framework; path = System/Library/Frameworks/UIKit.framework; sourceTree = SDKROOT; };
		C695EDD41AA81DAD00536830 /* CameraViewController.h */ = {isa = PBXFileReference; fileEncoding = 4; lastKnownFileType = sourcecode.c.h; path = CameraViewController.h; sourceTree = "<group>"; };
		C695EDD51AA81DAD00536830 /* CameraViewController.m */ = {isa = PBXFileReference; fileEncoding = 4; lastKnownFileType = sourcecode.c.objc; path = CameraViewController.m; sourceTree = "<group>"; };
		C6AA66A91AC3032F00C39099 /* FacebookSDK.framework */ = {isa = PBXFileReference; lastKnownFileType = wrapper.framework; path = FacebookSDK.framework; sourceTree = "<group>"; };
		C6B2EBE01AC23867008B044D /* FollowButton.h */ = {isa = PBXFileReference; fileEncoding = 4; lastKnownFileType = sourcecode.c.h; path = FollowButton.h; sourceTree = "<group>"; };
		C6B2EBE11AC23867008B044D /* FollowButton.m */ = {isa = PBXFileReference; fileEncoding = 4; lastKnownFileType = sourcecode.c.objc; path = FollowButton.m; sourceTree = "<group>"; };
		C6CF3C051AA6D23200300292 /* LoginViewController.h */ = {isa = PBXFileReference; fileEncoding = 4; lastKnownFileType = sourcecode.c.h; path = LoginViewController.h; sourceTree = "<group>"; };
		C6CF3C061AA6D23200300292 /* LoginViewController.m */ = {isa = PBXFileReference; fileEncoding = 4; lastKnownFileType = sourcecode.c.objc; path = LoginViewController.m; sourceTree = "<group>"; };
		C6CF3C081AA6D25100300292 /* SignUpViewController.h */ = {isa = PBXFileReference; fileEncoding = 4; lastKnownFileType = sourcecode.c.h; path = SignUpViewController.h; sourceTree = "<group>"; };
		C6CF3C091AA6D25100300292 /* SignUpViewController.m */ = {isa = PBXFileReference; fileEncoding = 4; lastKnownFileType = sourcecode.c.objc; path = SignUpViewController.m; sourceTree = "<group>"; };
		C6EA009A1AA6424F006DAB6B /* Petwork.app */ = {isa = PBXFileReference; explicitFileType = wrapper.application; includeInIndex = 0; path = Petwork.app; sourceTree = BUILT_PRODUCTS_DIR; };
		C6EA009E1AA6424F006DAB6B /* Info.plist */ = {isa = PBXFileReference; lastKnownFileType = text.plist.xml; path = Info.plist; sourceTree = "<group>"; };
		C6EA009F1AA6424F006DAB6B /* main.m */ = {isa = PBXFileReference; lastKnownFileType = sourcecode.c.objc; path = main.m; sourceTree = "<group>"; };
		C6EA00A11AA6424F006DAB6B /* AppDelegate.h */ = {isa = PBXFileReference; lastKnownFileType = sourcecode.c.h; path = AppDelegate.h; sourceTree = "<group>"; };
		C6EA00A21AA6424F006DAB6B /* AppDelegate.m */ = {isa = PBXFileReference; lastKnownFileType = sourcecode.c.objc; path = AppDelegate.m; sourceTree = "<group>"; };
		C6EA00AB1AA6424F006DAB6B /* Base */ = {isa = PBXFileReference; lastKnownFileType = file.storyboard; name = Base; path = Base.lproj/Main.storyboard; sourceTree = "<group>"; };
		C6EA00AD1AA6424F006DAB6B /* Images.xcassets */ = {isa = PBXFileReference; lastKnownFileType = folder.assetcatalog; path = Images.xcassets; sourceTree = "<group>"; };
		C6EA00B61AA64250006DAB6B /* PetworkTests.xctest */ = {isa = PBXFileReference; explicitFileType = wrapper.cfbundle; includeInIndex = 0; path = PetworkTests.xctest; sourceTree = BUILT_PRODUCTS_DIR; };
		C6EA00BB1AA64250006DAB6B /* Info.plist */ = {isa = PBXFileReference; lastKnownFileType = text.plist.xml; path = Info.plist; sourceTree = "<group>"; };
		C6EA00BC1AA64250006DAB6B /* PetworkTests.m */ = {isa = PBXFileReference; lastKnownFileType = sourcecode.c.objc; path = PetworkTests.m; sourceTree = "<group>"; };
		C6F9D2EB1AA64F4B00C0F585 /* Parse.framework */ = {isa = PBXFileReference; lastKnownFileType = wrapper.framework; path = Parse.framework; sourceTree = "<group>"; };
		C6F9D2ED1AA6511400C0F585 /* AudioToolbox.framework */ = {isa = PBXFileReference; lastKnownFileType = wrapper.framework; name = AudioToolbox.framework; path = System/Library/Frameworks/AudioToolbox.framework; sourceTree = SDKROOT; };
		C6F9D2EE1AA6511400C0F585 /* CFNetwork.framework */ = {isa = PBXFileReference; lastKnownFileType = wrapper.framework; name = CFNetwork.framework; path = System/Library/Frameworks/CFNetwork.framework; sourceTree = SDKROOT; };
		C6F9D2EF1AA6511400C0F585 /* CoreGraphics.framework */ = {isa = PBXFileReference; lastKnownFileType = wrapper.framework; name = CoreGraphics.framework; path = System/Library/Frameworks/CoreGraphics.framework; sourceTree = SDKROOT; };
		C6F9D2F01AA6511400C0F585 /* CoreLocation.framework */ = {isa = PBXFileReference; lastKnownFileType = wrapper.framework; name = CoreLocation.framework; path = System/Library/Frameworks/CoreLocation.framework; sourceTree = SDKROOT; };
		C6F9D2F11AA6511400C0F585 /* libsqlite3.dylib */ = {isa = PBXFileReference; lastKnownFileType = "compiled.mach-o.dylib"; name = libsqlite3.dylib; path = usr/lib/libsqlite3.dylib; sourceTree = SDKROOT; };
		C6F9D2F21AA6511400C0F585 /* libz.dylib */ = {isa = PBXFileReference; lastKnownFileType = "compiled.mach-o.dylib"; name = libz.dylib; path = usr/lib/libz.dylib; sourceTree = SDKROOT; };
		C6F9D2F31AA6511400C0F585 /* MobileCoreServices.framework */ = {isa = PBXFileReference; lastKnownFileType = wrapper.framework; name = MobileCoreServices.framework; path = System/Library/Frameworks/MobileCoreServices.framework; sourceTree = SDKROOT; };
		C6F9D2F41AA6511400C0F585 /* QuartzCore.framework */ = {isa = PBXFileReference; lastKnownFileType = wrapper.framework; name = QuartzCore.framework; path = System/Library/Frameworks/QuartzCore.framework; sourceTree = SDKROOT; };
		C6F9D2F51AA6511400C0F585 /* Security.framework */ = {isa = PBXFileReference; lastKnownFileType = wrapper.framework; name = Security.framework; path = System/Library/Frameworks/Security.framework; sourceTree = SDKROOT; };
		C6F9D2F61AA6511400C0F585 /* StoreKit.framework */ = {isa = PBXFileReference; lastKnownFileType = wrapper.framework; name = StoreKit.framework; path = System/Library/Frameworks/StoreKit.framework; sourceTree = SDKROOT; };
		C6F9D2F71AA6511400C0F585 /* SystemConfiguration.framework */ = {isa = PBXFileReference; lastKnownFileType = wrapper.framework; name = SystemConfiguration.framework; path = System/Library/Frameworks/SystemConfiguration.framework; sourceTree = SDKROOT; };
		C6F9D3031AA652E700C0F585 /* Bolts.framework */ = {isa = PBXFileReference; lastKnownFileType = wrapper.framework; path = Bolts.framework; sourceTree = "<group>"; };
		C6F9D3051AA6555900C0F585 /* ParseFacebookUtils.framework */ = {isa = PBXFileReference; lastKnownFileType = wrapper.framework; path = ParseFacebookUtils.framework; sourceTree = "<group>"; };
/* End PBXFileReference section */

/* Begin PBXFrameworksBuildPhase section */
		C6EA00971AA6424F006DAB6B /* Frameworks */ = {
			isa = PBXFrameworksBuildPhase;
			buildActionMask = 2147483647;
			files = (
				C695EDD31AA8182400536830 /* UIKit.framework in Frameworks */,
<<<<<<< HEAD
				C6AA66AA1AC3032F00C39099 /* FacebookSDK.framework in Frameworks */,
=======
				8C0724CE1AC24892002ED7A1 /* FacebookSDK.framework in Frameworks */,
>>>>>>> origin/master
				C66C408D1AA6E65A008C3E52 /* Accounts.framework in Frameworks */,
				C66C408B1AA6E650008C3E52 /* Social.framework in Frameworks */,
				C6F9D3061AA6555900C0F585 /* ParseFacebookUtils.framework in Frameworks */,
				C6F9D2F81AA6511400C0F585 /* AudioToolbox.framework in Frameworks */,
				C6F9D2F91AA6511400C0F585 /* CFNetwork.framework in Frameworks */,
				C6F9D2FA1AA6511400C0F585 /* CoreGraphics.framework in Frameworks */,
				C6F9D2FB1AA6511400C0F585 /* CoreLocation.framework in Frameworks */,
				C6F9D2FC1AA6511400C0F585 /* libsqlite3.dylib in Frameworks */,
				C6F9D2FD1AA6511400C0F585 /* libz.dylib in Frameworks */,
				C6F9D2FE1AA6511400C0F585 /* MobileCoreServices.framework in Frameworks */,
				C6F9D3041AA652E700C0F585 /* Bolts.framework in Frameworks */,
				C6F9D2FF1AA6511400C0F585 /* QuartzCore.framework in Frameworks */,
				C6F9D3001AA6511400C0F585 /* Security.framework in Frameworks */,
				C6F9D3011AA6511400C0F585 /* StoreKit.framework in Frameworks */,
				C69066041AA6C3C000D45092 /* ParseUI.framework in Frameworks */,
				C6F9D3021AA6511400C0F585 /* SystemConfiguration.framework in Frameworks */,
				C6F9D2EC1AA64F4B00C0F585 /* Parse.framework in Frameworks */,
			);
			runOnlyForDeploymentPostprocessing = 0;
		};
		C6EA00B31AA64250006DAB6B /* Frameworks */ = {
			isa = PBXFrameworksBuildPhase;
			buildActionMask = 2147483647;
			files = (
			);
			runOnlyForDeploymentPostprocessing = 0;
		};
/* End PBXFrameworksBuildPhase section */

/* Begin PBXGroup section */
		C6EA00911AA6424F006DAB6B = {
			isa = PBXGroup;
			children = (
<<<<<<< HEAD
				C6AA66A91AC3032F00C39099 /* FacebookSDK.framework */,
=======
				8C0724CD1AC24892002ED7A1 /* FacebookSDK.framework */,
>>>>>>> origin/master
				C6F9D2EA1AA64F0B00C0F585 /* Frameworks */,
				C6EA009C1AA6424F006DAB6B /* Petwork */,
				C6EA00B91AA64250006DAB6B /* PetworkTests */,
				C6EA009B1AA6424F006DAB6B /* Products */,
			);
			sourceTree = "<group>";
		};
		C6EA009B1AA6424F006DAB6B /* Products */ = {
			isa = PBXGroup;
			children = (
				C6EA009A1AA6424F006DAB6B /* Petwork.app */,
				C6EA00B61AA64250006DAB6B /* PetworkTests.xctest */,
			);
			name = Products;
			sourceTree = "<group>";
		};
		C6EA009C1AA6424F006DAB6B /* Petwork */ = {
			isa = PBXGroup;
			children = (
				C6EA00A11AA6424F006DAB6B /* AppDelegate.h */,
				C6EA00A21AA6424F006DAB6B /* AppDelegate.m */,
				C66C40871AA6E1FA008C3E52 /* ParseLoginViewController.h */,
				C66C40881AA6E1FA008C3E52 /* ParseLoginViewController.m */,
				C69065FA1AA683EF00D45092 /* ParseTableViewController.h */,
				C69065FB1AA683EF00D45092 /* ParseTableViewController.m */,
				C69066051AA6C42700D45092 /* HomeViewController.h */,
				C69066061AA6C42700D45092 /* HomeViewController.m */,
				C6434AA31AC24348001B93CF /* ProfileViewController.h */,
				C6434AA41AC24348001B93CF /* ProfileViewController.m */,
				C695EDD41AA81DAD00536830 /* CameraViewController.h */,
				C695EDD51AA81DAD00536830 /* CameraViewController.m */,
				C6CF3C051AA6D23200300292 /* LoginViewController.h */,
				C6CF3C061AA6D23200300292 /* LoginViewController.m */,
				C6CF3C081AA6D25100300292 /* SignUpViewController.h */,
				C6CF3C091AA6D25100300292 /* SignUpViewController.m */,
				C6EA00AA1AA6424F006DAB6B /* Main.storyboard */,
				C6B2EBE01AC23867008B044D /* FollowButton.h */,
				C6B2EBE11AC23867008B044D /* FollowButton.m */,
				C6EA00AD1AA6424F006DAB6B /* Images.xcassets */,
				C6EA009D1AA6424F006DAB6B /* Supporting Files */,
			);
			path = Petwork;
			sourceTree = "<group>";
		};
		C6EA009D1AA6424F006DAB6B /* Supporting Files */ = {
			isa = PBXGroup;
			children = (
				C6EA009E1AA6424F006DAB6B /* Info.plist */,
				C6EA009F1AA6424F006DAB6B /* main.m */,
			);
			name = "Supporting Files";
			sourceTree = "<group>";
		};
		C6EA00B91AA64250006DAB6B /* PetworkTests */ = {
			isa = PBXGroup;
			children = (
				C6EA00BC1AA64250006DAB6B /* PetworkTests.m */,
				C6EA00BA1AA64250006DAB6B /* Supporting Files */,
			);
			path = PetworkTests;
			sourceTree = "<group>";
		};
		C6EA00BA1AA64250006DAB6B /* Supporting Files */ = {
			isa = PBXGroup;
			children = (
				C6EA00BB1AA64250006DAB6B /* Info.plist */,
			);
			name = "Supporting Files";
			sourceTree = "<group>";
		};
		C6F9D2EA1AA64F0B00C0F585 /* Frameworks */ = {
			isa = PBXGroup;
			children = (
				C695EDD21AA8182400536830 /* UIKit.framework */,
				C66C408C1AA6E65A008C3E52 /* Accounts.framework */,
				C66C408A1AA6E650008C3E52 /* Social.framework */,
				C69066031AA6C3C000D45092 /* ParseUI.framework */,
				C6F9D3051AA6555900C0F585 /* ParseFacebookUtils.framework */,
				C6F9D3031AA652E700C0F585 /* Bolts.framework */,
				C6F9D2ED1AA6511400C0F585 /* AudioToolbox.framework */,
				C6F9D2EE1AA6511400C0F585 /* CFNetwork.framework */,
				C6F9D2EF1AA6511400C0F585 /* CoreGraphics.framework */,
				C6F9D2F01AA6511400C0F585 /* CoreLocation.framework */,
				C6F9D2F11AA6511400C0F585 /* libsqlite3.dylib */,
				C6F9D2F21AA6511400C0F585 /* libz.dylib */,
				C6F9D2F31AA6511400C0F585 /* MobileCoreServices.framework */,
				C6F9D2F41AA6511400C0F585 /* QuartzCore.framework */,
				C6F9D2F51AA6511400C0F585 /* Security.framework */,
				C6F9D2F61AA6511400C0F585 /* StoreKit.framework */,
				C6F9D2F71AA6511400C0F585 /* SystemConfiguration.framework */,
				C6F9D2EB1AA64F4B00C0F585 /* Parse.framework */,
			);
			name = Frameworks;
			sourceTree = "<group>";
		};
/* End PBXGroup section */

/* Begin PBXNativeTarget section */
		C6EA00991AA6424F006DAB6B /* Petwork */ = {
			isa = PBXNativeTarget;
			buildConfigurationList = C6EA00C01AA64250006DAB6B /* Build configuration list for PBXNativeTarget "Petwork" */;
			buildPhases = (
				C6EA00961AA6424F006DAB6B /* Sources */,
				C6EA00971AA6424F006DAB6B /* Frameworks */,
				C6EA00981AA6424F006DAB6B /* Resources */,
			);
			buildRules = (
			);
			dependencies = (
			);
			name = Petwork;
			productName = Petwork;
			productReference = C6EA009A1AA6424F006DAB6B /* Petwork.app */;
			productType = "com.apple.product-type.application";
		};
		C6EA00B51AA64250006DAB6B /* PetworkTests */ = {
			isa = PBXNativeTarget;
			buildConfigurationList = C6EA00C31AA64250006DAB6B /* Build configuration list for PBXNativeTarget "PetworkTests" */;
			buildPhases = (
				C6EA00B21AA64250006DAB6B /* Sources */,
				C6EA00B31AA64250006DAB6B /* Frameworks */,
				C6EA00B41AA64250006DAB6B /* Resources */,
			);
			buildRules = (
			);
			dependencies = (
				C6EA00B81AA64250006DAB6B /* PBXTargetDependency */,
			);
			name = PetworkTests;
			productName = PetworkTests;
			productReference = C6EA00B61AA64250006DAB6B /* PetworkTests.xctest */;
			productType = "com.apple.product-type.bundle.unit-test";
		};
/* End PBXNativeTarget section */

/* Begin PBXProject section */
		C6EA00921AA6424F006DAB6B /* Project object */ = {
			isa = PBXProject;
			attributes = {
				LastUpgradeCheck = 0610;
				ORGANIZATIONNAME = "Xiaorong Zhu";
				TargetAttributes = {
					C6EA00991AA6424F006DAB6B = {
						CreatedOnToolsVersion = 6.1.1;
					};
					C6EA00B51AA64250006DAB6B = {
						CreatedOnToolsVersion = 6.1.1;
						TestTargetID = C6EA00991AA6424F006DAB6B;
					};
				};
			};
			buildConfigurationList = C6EA00951AA6424F006DAB6B /* Build configuration list for PBXProject "Petwork" */;
			compatibilityVersion = "Xcode 3.2";
			developmentRegion = English;
			hasScannedForEncodings = 0;
			knownRegions = (
				en,
				Base,
			);
			mainGroup = C6EA00911AA6424F006DAB6B;
			productRefGroup = C6EA009B1AA6424F006DAB6B /* Products */;
			projectDirPath = "";
			projectRoot = "";
			targets = (
				C6EA00991AA6424F006DAB6B /* Petwork */,
				C6EA00B51AA64250006DAB6B /* PetworkTests */,
			);
		};
/* End PBXProject section */

/* Begin PBXResourcesBuildPhase section */
		C6EA00981AA6424F006DAB6B /* Resources */ = {
			isa = PBXResourcesBuildPhase;
			buildActionMask = 2147483647;
			files = (
				C6EA00AC1AA6424F006DAB6B /* Main.storyboard in Resources */,
				C6EA00AE1AA6424F006DAB6B /* Images.xcassets in Resources */,
			);
			runOnlyForDeploymentPostprocessing = 0;
		};
		C6EA00B41AA64250006DAB6B /* Resources */ = {
			isa = PBXResourcesBuildPhase;
			buildActionMask = 2147483647;
			files = (
			);
			runOnlyForDeploymentPostprocessing = 0;
		};
/* End PBXResourcesBuildPhase section */

/* Begin PBXSourcesBuildPhase section */
		C6EA00961AA6424F006DAB6B /* Sources */ = {
			isa = PBXSourcesBuildPhase;
			buildActionMask = 2147483647;
			files = (
				C6EA00A31AA6424F006DAB6B /* AppDelegate.m in Sources */,
				C695EDD61AA81DAD00536830 /* CameraViewController.m in Sources */,
				C6EA00A01AA6424F006DAB6B /* main.m in Sources */,
				C6CF3C0A1AA6D25100300292 /* SignUpViewController.m in Sources */,
				C6434AA51AC24348001B93CF /* ProfileViewController.m in Sources */,
				C69065FC1AA683EF00D45092 /* ParseTableViewController.m in Sources */,
				C6B2EBE21AC23867008B044D /* FollowButton.m in Sources */,
				C69066071AA6C42700D45092 /* HomeViewController.m in Sources */,
				C66C40891AA6E1FA008C3E52 /* ParseLoginViewController.m in Sources */,
				C6CF3C071AA6D23200300292 /* LoginViewController.m in Sources */,
			);
			runOnlyForDeploymentPostprocessing = 0;
		};
		C6EA00B21AA64250006DAB6B /* Sources */ = {
			isa = PBXSourcesBuildPhase;
			buildActionMask = 2147483647;
			files = (
				C6EA00BD1AA64250006DAB6B /* PetworkTests.m in Sources */,
			);
			runOnlyForDeploymentPostprocessing = 0;
		};
/* End PBXSourcesBuildPhase section */

/* Begin PBXTargetDependency section */
		C6EA00B81AA64250006DAB6B /* PBXTargetDependency */ = {
			isa = PBXTargetDependency;
			target = C6EA00991AA6424F006DAB6B /* Petwork */;
			targetProxy = C6EA00B71AA64250006DAB6B /* PBXContainerItemProxy */;
		};
/* End PBXTargetDependency section */

/* Begin PBXVariantGroup section */
		C6EA00AA1AA6424F006DAB6B /* Main.storyboard */ = {
			isa = PBXVariantGroup;
			children = (
				C6EA00AB1AA6424F006DAB6B /* Base */,
			);
			name = Main.storyboard;
			sourceTree = "<group>";
		};
/* End PBXVariantGroup section */

/* Begin XCBuildConfiguration section */
		C6EA00BE1AA64250006DAB6B /* Debug */ = {
			isa = XCBuildConfiguration;
			buildSettings = {
				ALWAYS_SEARCH_USER_PATHS = NO;
				CLANG_CXX_LANGUAGE_STANDARD = "gnu++0x";
				CLANG_CXX_LIBRARY = "libc++";
				CLANG_ENABLE_MODULES = YES;
				CLANG_ENABLE_OBJC_ARC = YES;
				CLANG_WARN_BOOL_CONVERSION = YES;
				CLANG_WARN_CONSTANT_CONVERSION = YES;
				CLANG_WARN_DIRECT_OBJC_ISA_USAGE = YES_ERROR;
				CLANG_WARN_EMPTY_BODY = YES;
				CLANG_WARN_ENUM_CONVERSION = YES;
				CLANG_WARN_INT_CONVERSION = YES;
				CLANG_WARN_OBJC_ROOT_CLASS = YES_ERROR;
				CLANG_WARN_UNREACHABLE_CODE = YES;
				CLANG_WARN__DUPLICATE_METHOD_MATCH = YES;
				"CODE_SIGN_IDENTITY[sdk=iphoneos*]" = "iPhone Developer";
				COPY_PHASE_STRIP = NO;
				ENABLE_STRICT_OBJC_MSGSEND = YES;
				GCC_C_LANGUAGE_STANDARD = gnu99;
				GCC_DYNAMIC_NO_PIC = NO;
				GCC_OPTIMIZATION_LEVEL = 0;
				GCC_PREPROCESSOR_DEFINITIONS = (
					"DEBUG=1",
					"$(inherited)",
				);
				GCC_SYMBOLS_PRIVATE_EXTERN = NO;
				GCC_WARN_64_TO_32_BIT_CONVERSION = YES;
				GCC_WARN_ABOUT_RETURN_TYPE = YES_ERROR;
				GCC_WARN_UNDECLARED_SELECTOR = YES;
				GCC_WARN_UNINITIALIZED_AUTOS = YES_AGGRESSIVE;
				GCC_WARN_UNUSED_FUNCTION = YES;
				GCC_WARN_UNUSED_VARIABLE = YES;
				IPHONEOS_DEPLOYMENT_TARGET = 8.1;
				MTL_ENABLE_DEBUG_INFO = YES;
				ONLY_ACTIVE_ARCH = YES;
				SDKROOT = iphoneos;
			};
			name = Debug;
		};
		C6EA00BF1AA64250006DAB6B /* Release */ = {
			isa = XCBuildConfiguration;
			buildSettings = {
				ALWAYS_SEARCH_USER_PATHS = NO;
				CLANG_CXX_LANGUAGE_STANDARD = "gnu++0x";
				CLANG_CXX_LIBRARY = "libc++";
				CLANG_ENABLE_MODULES = YES;
				CLANG_ENABLE_OBJC_ARC = YES;
				CLANG_WARN_BOOL_CONVERSION = YES;
				CLANG_WARN_CONSTANT_CONVERSION = YES;
				CLANG_WARN_DIRECT_OBJC_ISA_USAGE = YES_ERROR;
				CLANG_WARN_EMPTY_BODY = YES;
				CLANG_WARN_ENUM_CONVERSION = YES;
				CLANG_WARN_INT_CONVERSION = YES;
				CLANG_WARN_OBJC_ROOT_CLASS = YES_ERROR;
				CLANG_WARN_UNREACHABLE_CODE = YES;
				CLANG_WARN__DUPLICATE_METHOD_MATCH = YES;
				"CODE_SIGN_IDENTITY[sdk=iphoneos*]" = "iPhone Developer";
				COPY_PHASE_STRIP = YES;
				ENABLE_NS_ASSERTIONS = NO;
				ENABLE_STRICT_OBJC_MSGSEND = YES;
				GCC_C_LANGUAGE_STANDARD = gnu99;
				GCC_WARN_64_TO_32_BIT_CONVERSION = YES;
				GCC_WARN_ABOUT_RETURN_TYPE = YES_ERROR;
				GCC_WARN_UNDECLARED_SELECTOR = YES;
				GCC_WARN_UNINITIALIZED_AUTOS = YES_AGGRESSIVE;
				GCC_WARN_UNUSED_FUNCTION = YES;
				GCC_WARN_UNUSED_VARIABLE = YES;
				IPHONEOS_DEPLOYMENT_TARGET = 8.1;
				MTL_ENABLE_DEBUG_INFO = NO;
				SDKROOT = iphoneos;
				VALIDATE_PRODUCT = YES;
			};
			name = Release;
		};
		C6EA00C11AA64250006DAB6B /* Debug */ = {
			isa = XCBuildConfiguration;
			buildSettings = {
				ASSETCATALOG_COMPILER_APPICON_NAME = AppIcon;
				FRAMEWORK_SEARCH_PATHS = (
					"$(inherited)",
					"$(PROJECT_DIR)",
					/Users/xiaorongzhu/Documents/FacebookSDK,
					/Users/xiaorongzhu/GitHub/Petwork/FacebookSDK,
				);
				INFOPLIST_FILE = Petwork/Info.plist;
				LD_RUNPATH_SEARCH_PATHS = "$(inherited) @executable_path/Frameworks";
				PRODUCT_NAME = "$(TARGET_NAME)";
			};
			name = Debug;
		};
		C6EA00C21AA64250006DAB6B /* Release */ = {
			isa = XCBuildConfiguration;
			buildSettings = {
				ASSETCATALOG_COMPILER_APPICON_NAME = AppIcon;
				FRAMEWORK_SEARCH_PATHS = (
					"$(inherited)",
					"$(PROJECT_DIR)",
					/Users/xiaorongzhu/Documents/FacebookSDK,
					/Users/xiaorongzhu/GitHub/Petwork/FacebookSDK,
				);
				INFOPLIST_FILE = Petwork/Info.plist;
				LD_RUNPATH_SEARCH_PATHS = "$(inherited) @executable_path/Frameworks";
				PRODUCT_NAME = "$(TARGET_NAME)";
			};
			name = Release;
		};
		C6EA00C41AA64250006DAB6B /* Debug */ = {
			isa = XCBuildConfiguration;
			buildSettings = {
				BUNDLE_LOADER = "$(TEST_HOST)";
				FRAMEWORK_SEARCH_PATHS = (
					"$(SDKROOT)/Developer/Library/Frameworks",
					"$(inherited)",
				);
				GCC_PREPROCESSOR_DEFINITIONS = (
					"DEBUG=1",
					"$(inherited)",
				);
				INFOPLIST_FILE = PetworkTests/Info.plist;
				LD_RUNPATH_SEARCH_PATHS = "$(inherited) @executable_path/Frameworks @loader_path/Frameworks";
				PRODUCT_NAME = "$(TARGET_NAME)";
				TEST_HOST = "$(BUILT_PRODUCTS_DIR)/Petwork.app/Petwork";
			};
			name = Debug;
		};
		C6EA00C51AA64250006DAB6B /* Release */ = {
			isa = XCBuildConfiguration;
			buildSettings = {
				BUNDLE_LOADER = "$(TEST_HOST)";
				FRAMEWORK_SEARCH_PATHS = (
					"$(SDKROOT)/Developer/Library/Frameworks",
					"$(inherited)",
				);
				INFOPLIST_FILE = PetworkTests/Info.plist;
				LD_RUNPATH_SEARCH_PATHS = "$(inherited) @executable_path/Frameworks @loader_path/Frameworks";
				PRODUCT_NAME = "$(TARGET_NAME)";
				TEST_HOST = "$(BUILT_PRODUCTS_DIR)/Petwork.app/Petwork";
			};
			name = Release;
		};
/* End XCBuildConfiguration section */

/* Begin XCConfigurationList section */
		C6EA00951AA6424F006DAB6B /* Build configuration list for PBXProject "Petwork" */ = {
			isa = XCConfigurationList;
			buildConfigurations = (
				C6EA00BE1AA64250006DAB6B /* Debug */,
				C6EA00BF1AA64250006DAB6B /* Release */,
			);
			defaultConfigurationIsVisible = 0;
			defaultConfigurationName = Release;
		};
		C6EA00C01AA64250006DAB6B /* Build configuration list for PBXNativeTarget "Petwork" */ = {
			isa = XCConfigurationList;
			buildConfigurations = (
				C6EA00C11AA64250006DAB6B /* Debug */,
				C6EA00C21AA64250006DAB6B /* Release */,
			);
			defaultConfigurationIsVisible = 0;
			defaultConfigurationName = Release;
		};
		C6EA00C31AA64250006DAB6B /* Build configuration list for PBXNativeTarget "PetworkTests" */ = {
			isa = XCConfigurationList;
			buildConfigurations = (
				C6EA00C41AA64250006DAB6B /* Debug */,
				C6EA00C51AA64250006DAB6B /* Release */,
			);
			defaultConfigurationIsVisible = 0;
			defaultConfigurationName = Release;
		};
/* End XCConfigurationList section */
	};
	rootObject = C6EA00921AA6424F006DAB6B /* Project object */;
}
